
Microsoft Visual Studio Solution File, Format Version 12.00
# Visual Studio Version 17
VisualStudioVersion = 17.0.31903.59
MinimumVisualStudioVersion = 10.0.40219.1
Project("{FAE04EC0-301F-11D3-BF4B-00C04F79EFBC}") = "Domain", "Domain\Domain.csproj", "{B12DBAB6-F336-4AE8-A08F-A3FE295E69BA}"
EndProject
Project("{FAE04EC0-301F-11D3-BF4B-00C04F79EFBC}") = "Infrastructure", "Infrastructure\Infrastructure.csproj", "{A9E90D59-2FAB-4A67-8F81-4DE638924675}"
EndProject
Project("{FAE04EC0-301F-11D3-BF4B-00C04F79EFBC}") = "TAJSHOP", "TAJSHOP\TAJSHOP.csproj", "{952364E0-8D2F-4FE9-A8E1-D2518409CF7A}"
EndProject
Global
	GlobalSection(SolutionConfigurationPlatforms) = preSolution
		Debug|Any CPU = Debug|Any CPU
		Release|Any CPU = Release|Any CPU
	EndGlobalSection
	GlobalSection(SolutionProperties) = preSolution
		HideSolutionNode = FALSE
	EndGlobalSection
	GlobalSection(ProjectConfigurationPlatforms) = postSolution
		{B12DBAB6-F336-4AE8-A08F-A3FE295E69BA}.Debug|Any CPU.ActiveCfg = Debug|Any CPU
		{B12DBAB6-F336-4AE8-A08F-A3FE295E69BA}.Debug|Any CPU.Build.0 = Debug|Any CPU
		{B12DBAB6-F336-4AE8-A08F-A3FE295E69BA}.Release|Any CPU.ActiveCfg = Release|Any CPU
		{B12DBAB6-F336-4AE8-A08F-A3FE295E69BA}.Release|Any CPU.Build.0 = Release|Any CPU
		{A9E90D59-2FAB-4A67-8F81-4DE638924675}.Debug|Any CPU.ActiveCfg = Debug|Any CPU
		{A9E90D59-2FAB-4A67-8F81-4DE638924675}.Debug|Any CPU.Build.0 = Debug|Any CPU
		{A9E90D59-2FAB-4A67-8F81-4DE638924675}.Release|Any CPU.ActiveCfg = Release|Any CPU
		{A9E90D59-2FAB-4A67-8F81-4DE638924675}.Release|Any CPU.Build.0 = Release|Any CPU
		{952364E0-8D2F-4FE9-A8E1-D2518409CF7A}.Debug|Any CPU.ActiveCfg = Debug|Any CPU
		{952364E0-8D2F-4FE9-A8E1-D2518409CF7A}.Debug|Any CPU.Build.0 = Debug|Any CPU
		{952364E0-8D2F-4FE9-A8E1-D2518409CF7A}.Release|Any CPU.ActiveCfg = Release|Any CPU
		{952364E0-8D2F-4FE9-A8E1-D2518409CF7A}.Release|Any CPU.Build.0 = Release|Any CPU
	EndGlobalSection
EndGlobal
